// !$*UTF8*$!
{
	archiveVersion = 1;
	classes = {
	};
	objectVersion = 50;
	objects = {

/* Begin PBXBuildFile section */
		2DAE2788244009A3008E1E5F /* AppDelegate.swift in Sources */ = {isa = PBXBuildFile; fileRef = 2DAE2787244009A3008E1E5F /* AppDelegate.swift */; };
		2DAE278A244009A3008E1E5F /* SceneDelegate.swift in Sources */ = {isa = PBXBuildFile; fileRef = 2DAE2789244009A3008E1E5F /* SceneDelegate.swift */; };
		2DAE2794244009A8008E1E5F /* LaunchScreen.storyboard in Resources */ = {isa = PBXBuildFile; fileRef = 2DAE2792244009A8008E1E5F /* LaunchScreen.storyboard */; };
		2DAE279E244009B9008E1E5F /* Main.storyboard in Resources */ = {isa = PBXBuildFile; fileRef = 2DAE279B244009B7008E1E5F /* Main.storyboard */; };
		2DAE279F244009B9008E1E5F /* ViewController.swift in Sources */ = {isa = PBXBuildFile; fileRef = 2DAE279C244009B8008E1E5F /* ViewController.swift */; };
		2DAE27A0244009B9008E1E5F /* Assets.xcassets in Resources */ = {isa = PBXBuildFile; fileRef = 2DAE279D244009B9008E1E5F /* Assets.xcassets */; };
		2DAE27A9244009F5008E1E5F /* A.wav in Resources */ = {isa = PBXBuildFile; fileRef = 2DAE27A2244009F5008E1E5F /* A.wav */; };
		2DAE27AA244009F5008E1E5F /* C.wav in Resources */ = {isa = PBXBuildFile; fileRef = 2DAE27A3244009F5008E1E5F /* C.wav */; };
		2DAE27AB244009F5008E1E5F /* B.wav in Resources */ = {isa = PBXBuildFile; fileRef = 2DAE27A4244009F5008E1E5F /* B.wav */; };
		2DAE27AC244009F5008E1E5F /* F.wav in Resources */ = {isa = PBXBuildFile; fileRef = 2DAE27A5244009F5008E1E5F /* F.wav */; };
		2DAE27AD244009F5008E1E5F /* G.wav in Resources */ = {isa = PBXBuildFile; fileRef = 2DAE27A6244009F5008E1E5F /* G.wav */; };
		2DAE27AE244009F5008E1E5F /* E.wav in Resources */ = {isa = PBXBuildFile; fileRef = 2DAE27A7244009F5008E1E5F /* E.wav */; };
		2DAE27AF244009F5008E1E5F /* D.wav in Resources */ = {isa = PBXBuildFile; fileRef = 2DAE27A8244009F5008E1E5F /* D.wav */; };
/* End PBXBuildFile section */

/* Begin PBXFileReference section */
		2DAE2784244009A3008E1E5F /* Xylophone.app */ = {isa = PBXFileReference; explicitFileType = wrapper.application; includeInIndex = 0; path = Xylophone.app; sourceTree = BUILT_PRODUCTS_DIR; };
		2DAE2787244009A3008E1E5F /* AppDelegate.swift */ = {isa = PBXFileReference; lastKnownFileType = sourcecode.swift; path = AppDelegate.swift; sourceTree = "<group>"; };
		2DAE2789244009A3008E1E5F /* SceneDelegate.swift */ = {isa = PBXFileReference; lastKnownFileType = sourcecode.swift; path = SceneDelegate.swift; sourceTree = "<group>"; };
		2DAE2793244009A8008E1E5F /* Base */ = {isa = PBXFileReference; lastKnownFileType = file.storyboard; name = Base; path = Base.lproj/LaunchScreen.storyboard; sourceTree = "<group>"; };
		2DAE2795244009A8008E1E5F /* Info.plist */ = {isa = PBXFileReference; lastKnownFileType = text.plist.xml; path = Info.plist; sourceTree = "<group>"; };
		2DAE279B244009B7008E1E5F /* Main.storyboard */ = {isa = PBXFileReference; fileEncoding = 4; lastKnownFileType = file.storyboard; path = Main.storyboard; sourceTree = "<group>"; };
		2DAE279C244009B8008E1E5F /* ViewController.swift */ = {isa = PBXFileReference; fileEncoding = 4; lastKnownFileType = sourcecode.swift; path = ViewController.swift; sourceTree = "<group>"; };
		2DAE279D244009B9008E1E5F /* Assets.xcassets */ = {isa = PBXFileReference; lastKnownFileType = folder.assetcatalog; path = Assets.xcassets; sourceTree = "<group>"; };
		2DAE27A2244009F5008E1E5F /* A.wav */ = {isa = PBXFileReference; lastKnownFileType = audio.wav; path = A.wav; sourceTree = "<group>"; };
		2DAE27A3244009F5008E1E5F /* C.wav */ = {isa = PBXFileReference; lastKnownFileType = audio.wav; path = C.wav; sourceTree = "<group>"; };
		2DAE27A4244009F5008E1E5F /* B.wav */ = {isa = PBXFileReference; lastKnownFileType = audio.wav; path = B.wav; sourceTree = "<group>"; };
		2DAE27A5244009F5008E1E5F /* F.wav */ = {isa = PBXFileReference; lastKnownFileType = audio.wav; path = F.wav; sourceTree = "<group>"; };
		2DAE27A6244009F5008E1E5F /* G.wav */ = {isa = PBXFileReference; lastKnownFileType = audio.wav; path = G.wav; sourceTree = "<group>"; };
		2DAE27A7244009F5008E1E5F /* E.wav */ = {isa = PBXFileReference; lastKnownFileType = audio.wav; path = E.wav; sourceTree = "<group>"; };
		2DAE27A8244009F5008E1E5F /* D.wav */ = {isa = PBXFileReference; lastKnownFileType = audio.wav; path = D.wav; sourceTree = "<group>"; };
/* End PBXFileReference section */

/* Begin PBXFrameworksBuildPhase section */
		2DAE2781244009A3008E1E5F /* Frameworks */ = {
			isa = PBXFrameworksBuildPhase;
			buildActionMask = 2147483647;
			files = (
			);
			runOnlyForDeploymentPostprocessing = 0;
		};
/* End PBXFrameworksBuildPhase section */

/* Begin PBXGroup section */
		2DAE277B244009A3008E1E5F = {
			isa = PBXGroup;
			children = (
				2DAE2786244009A3008E1E5F /* Xylophone */,
				2DAE2785244009A3008E1E5F /* Products */,
			);
			sourceTree = "<group>";
		};
		2DAE2785244009A3008E1E5F /* Products */ = {
			isa = PBXGroup;
			children = (
				2DAE2784244009A3008E1E5F /* Xylophone.app */,
			);
			name = Products;
			sourceTree = "<group>";
		};
		2DAE2786244009A3008E1E5F /* Xylophone */ = {
			isa = PBXGroup;
			children = (
				2DAE2787244009A3008E1E5F /* AppDelegate.swift */,
				2DAE2789244009A3008E1E5F /* SceneDelegate.swift */,
				2DAE2792244009A8008E1E5F /* LaunchScreen.storyboard */,
				2DAE279D244009B9008E1E5F /* Assets.xcassets */,
				2DAE279B244009B7008E1E5F /* Main.storyboard */,
				2DAE279C244009B8008E1E5F /* ViewController.swift */,
				2DAE2795244009A8008E1E5F /* Info.plist */,
				2DAE27A1244009F5008E1E5F /* Sounds */,
			);
			path = Xylophone;
			sourceTree = "<group>";
		};
		2DAE27A1244009F5008E1E5F /* Sounds */ = {
			isa = PBXGroup;
			children = (
				2DAE27A2244009F5008E1E5F /* A.wav */,
				2DAE27A3244009F5008E1E5F /* C.wav */,
				2DAE27A4244009F5008E1E5F /* B.wav */,
				2DAE27A5244009F5008E1E5F /* F.wav */,
				2DAE27A6244009F5008E1E5F /* G.wav */,
				2DAE27A7244009F5008E1E5F /* E.wav */,
				2DAE27A8244009F5008E1E5F /* D.wav */,
			);
			name = Sounds;
			path = "../../../Udemy/Xylophone-iOS13/Xylophone/Sounds";
			sourceTree = "<group>";
		};
/* End PBXGroup section */

/* Begin PBXNativeTarget section */
		2DAE2783244009A3008E1E5F /* Xylophone */ = {
			isa = PBXNativeTarget;
			buildConfigurationList = 2DAE2798244009A8008E1E5F /* Build configuration list for PBXNativeTarget "Xylophone" */;
			buildPhases = (
				2DAE2780244009A3008E1E5F /* Sources */,
				2DAE2781244009A3008E1E5F /* Frameworks */,
				2DAE2782244009A3008E1E5F /* Resources */,
			);
			buildRules = (
			);
			dependencies = (
			);
			name = Xylophone;
			productName = Xylophone;
			productReference = 2DAE2784244009A3008E1E5F /* Xylophone.app */;
			productType = "com.apple.product-type.application";
		};
/* End PBXNativeTarget section */

/* Begin PBXProject section */
		2DAE277C244009A3008E1E5F /* Project object */ = {
			isa = PBXProject;
			attributes = {
				LastSwiftUpdateCheck = 1140;
				LastUpgradeCheck = 1140;
				ORGANIZATIONNAME = "Ramya Seshagiri";
				TargetAttributes = {
					2DAE2783244009A3008E1E5F = {
						CreatedOnToolsVersion = 11.4;
					};
				};
			};
			buildConfigurationList = 2DAE277F244009A3008E1E5F /* Build configuration list for PBXProject "Xylophone" */;
			compatibilityVersion = "Xcode 9.3";
			developmentRegion = en;
			hasScannedForEncodings = 0;
			knownRegions = (
				en,
				Base,
			);
			mainGroup = 2DAE277B244009A3008E1E5F;
			productRefGroup = 2DAE2785244009A3008E1E5F /* Products */;
			projectDirPath = "";
			projectRoot = "";
			targets = (
				2DAE2783244009A3008E1E5F /* Xylophone */,
			);
		};
/* End PBXProject section */

/* Begin PBXResourcesBuildPhase section */
		2DAE2782244009A3008E1E5F /* Resources */ = {
			isa = PBXResourcesBuildPhase;
			buildActionMask = 2147483647;
			files = (
				2DAE27AD244009F5008E1E5F /* G.wav in Resources */,
				2DAE2794244009A8008E1E5F /* LaunchScreen.storyboard in Resources */,
				2DAE27AC244009F5008E1E5F /* F.wav in Resources */,
				2DAE27A0244009B9008E1E5F /* Assets.xcassets in Resources */,
				2DAE27A9244009F5008E1E5F /* A.wav in Resources */,
				2DAE27AB244009F5008E1E5F /* B.wav in Resources */,
				2DAE27AE244009F5008E1E5F /* E.wav in Resources */,
				2DAE27AF244009F5008E1E5F /* D.wav in Resources */,
				2DAE279E244009B9008E1E5F /* Main.storyboard in Resources */,
				2DAE27AA244009F5008E1E5F /* C.wav in Resources */,
			);
			runOnlyForDeploymentPostprocessing = 0;
		};
/* End PBXResourcesBuildPhase section */

/* Begin PBXSourcesBuildPhase section */
		2DAE2780244009A3008E1E5F /* Sources */ = {
			isa = PBXSourcesBuildPhase;
			buildActionMask = 2147483647;
			files = (
				2DAE279F244009B9008E1E5F /* ViewController.swift in Sources */,
				2DAE2788244009A3008E1E5F /* AppDelegate.swift in Sources */,
				2DAE278A244009A3008E1E5F /* SceneDelegate.swift in Sources */,
			);
			runOnlyForDeploymentPostprocessing = 0;
		};
/* End PBXSourcesBuildPhase section */

/* Begin PBXVariantGroup section */
		2DAE2792244009A8008E1E5F /* LaunchScreen.storyboard */ = {
			isa = PBXVariantGroup;
			children = (
				2DAE2793244009A8008E1E5F /* Base */,
			);
			name = LaunchScreen.storyboard;
			sourceTree = "<group>";
		};
/* End PBXVariantGroup section */

/* Begin XCBuildConfiguration section */
		2DAE2796244009A8008E1E5F /* Debug */ = {
			isa = XCBuildConfiguration;
			buildSettings = {
				ALWAYS_SEARCH_USER_PATHS = NO;
				CLANG_ANALYZER_NONNULL = YES;
				CLANG_ANALYZER_NUMBER_OBJECT_CONVERSION = YES_AGGRESSIVE;
				CLANG_CXX_LANGUAGE_STANDARD = "gnu++14";
				CLANG_CXX_LIBRARY = "libc++";
				CLANG_ENABLE_MODULES = YES;
				CLANG_ENABLE_OBJC_ARC = YES;
				CLANG_ENABLE_OBJC_WEAK = YES;
				CLANG_WARN_BLOCK_CAPTURE_AUTORELEASING = YES;
				CLANG_WARN_BOOL_CONVERSION = YES;
				CLANG_WARN_COMMA = YES;
				CLANG_WARN_CONSTANT_CONVERSION = YES;
				CLANG_WARN_DEPRECATED_OBJC_IMPLEMENTATIONS = YES;
				CLANG_WARN_DIRECT_OBJC_ISA_USAGE = YES_ERROR;
				CLANG_WARN_DOCUMENTATION_COMMENTS = YES;
				CLANG_WARN_EMPTY_BODY = YES;
				CLANG_WARN_ENUM_CONVERSION = YES;
				CLANG_WARN_INFINITE_RECURSION = YES;
				CLANG_WARN_INT_CONVERSION = YES;
				CLANG_WARN_NON_LITERAL_NULL_CONVERSION = YES;
				CLANG_WARN_OBJC_IMPLICIT_RETAIN_SELF = YES;
				CLANG_WARN_OBJC_LITERAL_CONVERSION = YES;
				CLANG_WARN_OBJC_ROOT_CLASS = YES_ERROR;
				CLANG_WARN_RANGE_LOOP_ANALYSIS = YES;
				CLANG_WARN_STRICT_PROTOTYPES = YES;
				CLANG_WARN_SUSPICIOUS_MOVE = YES;
				CLANG_WARN_UNGUARDED_AVAILABILITY = YES_AGGRESSIVE;
				CLANG_WARN_UNREACHABLE_CODE = YES;
				CLANG_WARN__DUPLICATE_METHOD_MATCH = YES;
				COPY_PHASE_STRIP = NO;
				DEBUG_INFORMATION_FORMAT = dwarf;
				ENABLE_STRICT_OBJC_MSGSEND = YES;
				ENABLE_TESTABILITY = YES;
				GCC_C_LANGUAGE_STANDARD = gnu11;
				GCC_DYNAMIC_NO_PIC = NO;
				GCC_NO_COMMON_BLOCKS = YES;
				GCC_OPTIMIZATION_LEVEL = 0;
				GCC_PREPROCESSOR_DEFINITIONS = (
					"DEBUG=1",
					"$(inherited)",
				);
				GCC_WARN_64_TO_32_BIT_CONVERSION = YES;
				GCC_WARN_ABOUT_RETURN_TYPE = YES_ERROR;
				GCC_WARN_UNDECLARED_SELECTOR = YES;
				GCC_WARN_UNINITIALIZED_AUTOS = YES_AGGRESSIVE;
				GCC_WARN_UNUSED_FUNCTION = YES;
				GCC_WARN_UNUSED_VARIABLE = YES;
				IPHONEOS_DEPLOYMENT_TARGET = 13.4;
				MTL_ENABLE_DEBUG_INFO = INCLUDE_SOURCE;
				MTL_FAST_MATH = YES;
				ONLY_ACTIVE_ARCH = YES;
				SDKROOT = iphoneos;
				SWIFT_ACTIVE_COMPILATION_CONDITIONS = DEBUG;
				SWIFT_OPTIMIZATION_LEVEL = "-Onone";
			};
			name = Debug;
		};
		2DAE2797244009A8008E1E5F /* Release */ = {
			isa = XCBuildConfiguration;
			buildSettings = {
				ALWAYS_SEARCH_USER_PATHS = NO;
				CLANG_ANALYZER_NONNULL = YES;
				CLANG_ANALYZER_NUMBER_OBJECT_CONVERSION = YES_AGGRESSIVE;
				CLANG_CXX_LANGUAGE_STANDARD = "gnu++14";
				CLANG_CXX_LIBRARY = "libc++";
				CLANG_ENABLE_MODULES = YES;
				CLANG_ENABLE_OBJC_ARC = YES;
				CLANG_ENABLE_OBJC_WEAK = YES;
				CLANG_WARN_BLOCK_CAPTURE_AUTORELEASING = YES;
				CLANG_WARN_BOOL_CONVERSION = YES;
				CLANG_WARN_COMMA = YES;
				CLANG_WARN_CONSTANT_CONVERSION = YES;
				CLANG_WARN_DEPRECATED_OBJC_IMPLEMENTATIONS = YES;
				CLANG_WARN_DIRECT_OBJC_ISA_USAGE = YES_ERROR;
				CLANG_WARN_DOCUMENTATION_COMMENTS = YES;
				CLANG_WARN_EMPTY_BODY = YES;
				CLANG_WARN_ENUM_CONVERSION = YES;
				CLANG_WARN_INFINITE_RECURSION = YES;
				CLANG_WARN_INT_CONVERSION = YES;
				CLANG_WARN_NON_LITERAL_NULL_CONVERSION = YES;
				CLANG_WARN_OBJC_IMPLICIT_RETAIN_SELF = YES;
				CLANG_WARN_OBJC_LITERAL_CONVERSION = YES;
				CLANG_WARN_OBJC_ROOT_CLASS = YES_ERROR;
				CLANG_WARN_RANGE_LOOP_ANALYSIS = YES;
				CLANG_WARN_STRICT_PROTOTYPES = YES;
				CLANG_WARN_SUSPICIOUS_MOVE = YES;
				CLANG_WARN_UNGUARDED_AVAILABILITY = YES_AGGRESSIVE;
				CLANG_WARN_UNREACHABLE_CODE = YES;
				CLANG_WARN__DUPLICATE_METHOD_MATCH = YES;
				COPY_PHASE_STRIP = NO;
				DEBUG_INFORMATION_FORMAT = "dwarf-with-dsym";
				ENABLE_NS_ASSERTIONS = NO;
				ENABLE_STRICT_OBJC_MSGSEND = YES;
				GCC_C_LANGUAGE_STANDARD = gnu11;
				GCC_NO_COMMON_BLOCKS = YES;
				GCC_WARN_64_TO_32_BIT_CONVERSION = YES;
				GCC_WARN_ABOUT_RETURN_TYPE = YES_ERROR;
				GCC_WARN_UNDECLARED_SELECTOR = YES;
				GCC_WARN_UNINITIALIZED_AUTOS = YES_AGGRESSIVE;
				GCC_WARN_UNUSED_FUNCTION = YES;
				GCC_WARN_UNUSED_VARIABLE = YES;
				IPHONEOS_DEPLOYMENT_TARGET = 13.4;
				MTL_ENABLE_DEBUG_INFO = NO;
				MTL_FAST_MATH = YES;
				SDKROOT = iphoneos;
				SWIFT_COMPILATION_MODE = wholemodule;
				SWIFT_OPTIMIZATION_LEVEL = "-O";
				VALIDATE_PRODUCT = YES;
			};
			name = Release;
		};
		2DAE2799244009A8008E1E5F /* Debug */ = {
			isa = XCBuildConfiguration;
			buildSettings = {
				ASSETCATALOG_COMPILER_APPICON_NAME = AppIcon;
				CODE_SIGN_STYLE = Automatic;
				DEVELOPMENT_TEAM = 42GPR649QW;
				INFOPLIST_FILE = Xylophone/Info.plist;
				LD_RUNPATH_SEARCH_PATHS = (
					"$(inherited)",
					"@executable_path/Frameworks",
				);
				PRODUCT_BUNDLE_IDENTIFIER = ramya.ers.Xylophone;
				PRODUCT_NAME = "$(TARGET_NAME)";
				SWIFT_VERSION = 5.0;
				TARGETED_DEVICE_FAMILY = "1,2";
			};
			name = Debug;
		};
		2DAE279A244009A8008E1E5F /* Release */ = {
			isa = XCBuildConfiguration;
			buildSettings = {
				ASSETCATALOG_COMPILER_APPICON_NAME = AppIcon;
				CODE_SIGN_STYLE = Automatic;
				DEVELOPMENT_TEAM = 42GPR649QW;
				INFOPLIST_FILE = Xylophone/Info.plist;
				LD_RUNPATH_SEARCH_PATHS = (
					"$(inherited)",
					"@executable_path/Frameworks",
				);
				PRODUCT_BUNDLE_IDENTIFIER = ramya.ers.Xylophone;
				PRODUCT_NAME = "$(TARGET_NAME)";
				SWIFT_VERSION = 5.0;
				TARGETED_DEVICE_FAMILY = "1,2";
			};
			name = Release;
		};
/* End XCBuildConfiguration section */

/* Begin XCConfigurationList section */
		2DAE277F244009A3008E1E5F /* Build configuration list for PBXProject "Xylophone" */ = {
			isa = XCConfigurationList;
			buildConfigurations = (
				2DAE2796244009A8008E1E5F /* Debug */,
				2DAE2797244009A8008E1E5F /* Release */,
			);
			defaultConfigurationIsVisible = 0;
			defaultConfigurationName = Release;
		};
		2DAE2798244009A8008E1E5F /* Build configuration list for PBXNativeTarget "Xylophone" */ = {
			isa = XCConfigurationList;
			buildConfigurations = (
				2DAE2799244009A8008E1E5F /* Debug */,
				2DAE279A244009A8008E1E5F /* Release */,
			);
			defaultConfigurationIsVisible = 0;
			defaultConfigurationName = Release;
		};
/* End XCConfigurationList section */
	};
	rootObject = 2DAE277C244009A3008E1E5F /* Project object */;
}
